// !$*UTF8*$!
{
	archiveVersion = 1;
	classes = {
	};
	objectVersion = 46;
	objects = {

/* Begin PBXBuildFile section */
		C58CE6451CA0CA550013826D /* messaging.ttf in Resources */ = {isa = PBXBuildFile; fileRef = C58CE6441CA0CA550013826D /* messaging.ttf */; };
		C59578441CA0C96800AC43C6 /* AppDelegate.swift in Sources */ = {isa = PBXBuildFile; fileRef = C59578431CA0C96800AC43C6 /* AppDelegate.swift */; };
		C59578461CA0C96800AC43C6 /* ViewController.swift in Sources */ = {isa = PBXBuildFile; fileRef = C59578451CA0C96800AC43C6 /* ViewController.swift */; };
		C59578491CA0C96800AC43C6 /* Main.storyboard in Resources */ = {isa = PBXBuildFile; fileRef = C59578471CA0C96800AC43C6 /* Main.storyboard */; };
		C595784B1CA0C96800AC43C6 /* Assets.xcassets in Resources */ = {isa = PBXBuildFile; fileRef = C595784A1CA0C96800AC43C6 /* Assets.xcassets */; };
		C595784E1CA0C96800AC43C6 /* LaunchScreen.storyboard in Resources */ = {isa = PBXBuildFile; fileRef = C595784C1CA0C96800AC43C6 /* LaunchScreen.storyboard */; };
/* End PBXBuildFile section */

/* Begin PBXFileReference section */
		C58CE6441CA0CA550013826D /* messaging.ttf */ = {isa = PBXFileReference; lastKnownFileType = file; path = messaging.ttf; sourceTree = "<group>"; };
		C59578401CA0C96800AC43C6 /* Switches.app */ = {isa = PBXFileReference; explicitFileType = wrapper.application; includeInIndex = 0; path = Switches.app; sourceTree = BUILT_PRODUCTS_DIR; };
		C59578431CA0C96800AC43C6 /* AppDelegate.swift */ = {isa = PBXFileReference; lastKnownFileType = sourcecode.swift; path = AppDelegate.swift; sourceTree = "<group>"; };
		C59578451CA0C96800AC43C6 /* ViewController.swift */ = {isa = PBXFileReference; lastKnownFileType = sourcecode.swift; path = ViewController.swift; sourceTree = "<group>"; };
		C59578481CA0C96800AC43C6 /* Base */ = {isa = PBXFileReference; lastKnownFileType = file.storyboard; name = Base; path = Base.lproj/Main.storyboard; sourceTree = "<group>"; };
		C595784A1CA0C96800AC43C6 /* Assets.xcassets */ = {isa = PBXFileReference; lastKnownFileType = folder.assetcatalog; path = Assets.xcassets; sourceTree = "<group>"; };
		C595784D1CA0C96800AC43C6 /* Base */ = {isa = PBXFileReference; lastKnownFileType = file.storyboard; name = Base; path = Base.lproj/LaunchScreen.storyboard; sourceTree = "<group>"; };
		C595784F1CA0C96800AC43C6 /* Info.plist */ = {isa = PBXFileReference; lastKnownFileType = text.plist.xml; path = Info.plist; sourceTree = "<group>"; };
/* End PBXFileReference section */

/* Begin PBXFrameworksBuildPhase section */
		C595783D1CA0C96800AC43C6 /* Frameworks */ = {
			isa = PBXFrameworksBuildPhase;
			buildActionMask = 2147483647;
			files = (
			);
			runOnlyForDeploymentPostprocessing = 0;
		};
/* End PBXFrameworksBuildPhase section */

/* Begin PBXGroup section */
		C59578371CA0C96800AC43C6 = {
			isa = PBXGroup;
			children = (
				C59578421CA0C96800AC43C6 /* Switches */,
				C59578411CA0C96800AC43C6 /* Products */,
			);
			sourceTree = "<group>";
		};
		C59578411CA0C96800AC43C6 /* Products */ = {
			isa = PBXGroup;
			children = (
				C59578401CA0C96800AC43C6 /* Switches.app */,
			);
			name = Products;
			sourceTree = "<group>";
		};
		C59578421CA0C96800AC43C6 /* Switches */ = {
			isa = PBXGroup;
			children = (
				C58CE6441CA0CA550013826D /* messaging.ttf */,
				C59578431CA0C96800AC43C6 /* AppDelegate.swift */,
				C59578451CA0C96800AC43C6 /* ViewController.swift */,
				C59578471CA0C96800AC43C6 /* Main.storyboard */,
				C595784A1CA0C96800AC43C6 /* Assets.xcassets */,
				C595784C1CA0C96800AC43C6 /* LaunchScreen.storyboard */,
				C595784F1CA0C96800AC43C6 /* Info.plist */,
			);
			path = Switches;
			sourceTree = "<group>";
		};
/* End PBXGroup section */

/* Begin PBXNativeTarget section */
		C595783F1CA0C96800AC43C6 /* Switches */ = {
			isa = PBXNativeTarget;
			buildConfigurationList = C59578521CA0C96800AC43C6 /* Build configuration list for PBXNativeTarget "Switches" */;
			buildPhases = (
				C595783C1CA0C96800AC43C6 /* Sources */,
				C595783D1CA0C96800AC43C6 /* Frameworks */,
				C595783E1CA0C96800AC43C6 /* Resources */,
			);
			buildRules = (
			);
			dependencies = (
			);
			name = Switches;
			productName = Switches;
			productReference = C59578401CA0C96800AC43C6 /* Switches.app */;
			productType = "com.apple.product-type.application";
		};
/* End PBXNativeTarget section */

/* Begin PBXProject section */
		C59578381CA0C96800AC43C6 /* Project object */ = {
			isa = PBXProject;
			attributes = {
				LastSwiftUpdateCheck = 0720;
				LastUpgradeCheck = 0720;
				ORGANIZATIONNAME = "D2 Development";
				TargetAttributes = {
					C595783F1CA0C96800AC43C6 = {
						CreatedOnToolsVersion = 7.2.1;
					};
				};
			};
			buildConfigurationList = C595783B1CA0C96800AC43C6 /* Build configuration list for PBXProject "Switches" */;
			compatibilityVersion = "Xcode 3.2";
			developmentRegion = English;
			hasScannedForEncodings = 0;
			knownRegions = (
				en,
				Base,
			);
			mainGroup = C59578371CA0C96800AC43C6;
			productRefGroup = C59578411CA0C96800AC43C6 /* Products */;
			projectDirPath = "";
			projectRoot = "";
			targets = (
				C595783F1CA0C96800AC43C6 /* Switches */,
			);
		};
/* End PBXProject section */

/* Begin PBXResourcesBuildPhase section */
		C595783E1CA0C96800AC43C6 /* Resources */ = {
			isa = PBXResourcesBuildPhase;
			buildActionMask = 2147483647;
			files = (
				C595784E1CA0C96800AC43C6 /* LaunchScreen.storyboard in Resources */,
				C595784B1CA0C96800AC43C6 /* Assets.xcassets in Resources */,
				C59578491CA0C96800AC43C6 /* Main.storyboard in Resources */,
				C58CE6451CA0CA550013826D /* messaging.ttf in Resources */,
			);
			runOnlyForDeploymentPostprocessing = 0;
		};
/* End PBXResourcesBuildPhase section */

/* Begin PBXSourcesBuildPhase section */
		C595783C1CA0C96800AC43C6 /* Sources */ = {
			isa = PBXSourcesBuildPhase;
			buildActionMask = 2147483647;
			files = (
				C59578461CA0C96800AC43C6 /* ViewController.swift in Sources */,
				C59578441CA0C96800AC43C6 /* AppDelegate.swift in Sources */,
			);
			runOnlyForDeploymentPostprocessing = 0;
		};
/* End PBXSourcesBuildPhase section */

/* Begin PBXVariantGroup section */
		C59578471CA0C96800AC43C6 /* Main.storyboard */ = {
			isa = PBXVariantGroup;
			children = (
				C59578481CA0C96800AC43C6 /* Base */,
			);
			name = Main.storyboard;
			sourceTree = "<group>";
		};
		C595784C1CA0C96800AC43C6 /* LaunchScreen.storyboard */ = {
			isa = PBXVariantGroup;
			children = (
				C595784D1CA0C96800AC43C6 /* Base */,
			);
			name = LaunchScreen.storyboard;
			sourceTree = "<group>";
		};
/* End PBXVariantGroup section */

/* Begin XCBuildConfiguration section */
		C59578501CA0C96800AC43C6 /* Debug */ = {
			isa = XCBuildConfiguration;
			buildSettings = {
				ALWAYS_SEARCH_USER_PATHS = NO;
				CLANG_CXX_LANGUAGE_STANDARD = "gnu++0x";
				CLANG_CXX_LIBRARY = "libc++";
				CLANG_ENABLE_MODULES = YES;
				CLANG_ENABLE_OBJC_ARC = YES;
				CLANG_WARN_BOOL_CONVERSION = YES;
				CLANG_WARN_CONSTANT_CONVERSION = YES;
				CLANG_WARN_DIRECT_OBJC_ISA_USAGE = YES_ERROR;
				CLANG_WARN_EMPTY_BODY = YES;
				CLANG_WARN_ENUM_CONVERSION = YES;
				CLANG_WARN_INT_CONVERSION = YES;
				CLANG_WARN_OBJC_ROOT_CLASS = YES_ERROR;
				CLANG_WARN_UNREACHABLE_CODE = YES;
				CLANG_WARN__DUPLICATE_METHOD_MATCH = YES;
				"CODE_SIGN_IDENTITY[sdk=iphoneos*]" = "iPhone Developer";
				COPY_PHASE_STRIP = NO;
				DEBUG_INFORMATION_FORMAT = dwarf;
				ENABLE_STRICT_OBJC_MSGSEND = YES;
				ENABLE_TESTABILITY = YES;
				GCC_C_LANGUAGE_STANDARD = gnu99;
				GCC_DYNAMIC_NO_PIC = NO;
				GCC_NO_COMMON_BLOCKS = YES;
				GCC_OPTIMIZATION_LEVEL = 0;
				GCC_PREPROCESSOR_DEFINITIONS = (
					"DEBUG=1",
					"$(inherited)",
				);
				GCC_WARN_64_TO_32_BIT_CONVERSION = YES;
				GCC_WARN_ABOUT_RETURN_TYPE = YES_ERROR;
				GCC_WARN_UNDECLARED_SELECTOR = YES;
				GCC_WARN_UNINITIALIZED_AUTOS = YES_AGGRESSIVE;
				GCC_WARN_UNUSED_FUNCTION = YES;
				GCC_WARN_UNUSED_VARIABLE = YES;
				IPHONEOS_DEPLOYMENT_TARGET = 9.2;
				MTL_ENABLE_DEBUG_INFO = YES;
				ONLY_ACTIVE_ARCH = YES;
				SDKROOT = iphoneos;
				SWIFT_OPTIMIZATION_LEVEL = "-Onone";
			};
			name = Debug;
		};
		C59578511CA0C96800AC43C6 /* Release */ = {
			isa = XCBuildConfiguration;
			buildSettings = {
				ALWAYS_SEARCH_USER_PATHS = NO;
				CLANG_CXX_LANGUAGE_STANDARD = "gnu++0x";
				CLANG_CXX_LIBRARY = "libc++";
				CLANG_ENABLE_MODULES = YES;
				CLANG_ENABLE_OBJC_ARC = YES;
				CLANG_WARN_BOOL_CONVERSION = YES;
				CLANG_WARN_CONSTANT_CONVERSION = YES;
				CLANG_WARN_DIRECT_OBJC_ISA_USAGE = YES_ERROR;
				CLANG_WARN_EMPTY_BODY = YES;
				CLANG_WARN_ENUM_CONVERSION = YES;
				CLANG_WARN_INT_CONVERSION = YES;
				CLANG_WARN_OBJC_ROOT_CLASS = YES_ERROR;
				CLANG_WARN_UNREACHABLE_CODE = YES;
				CLANG_WARN__DUPLICATE_METHOD_MATCH = YES;
				"CODE_SIGN_IDENTITY[sdk=iphoneos*]" = "iPhone Developer";
				COPY_PHASE_STRIP = NO;
				DEBUG_INFORMATION_FORMAT = "dwarf-with-dsym";
				ENABLE_NS_ASSERTIONS = NO;
				ENABLE_STRICT_OBJC_MSGSEND = YES;
				GCC_C_LANGUAGE_STANDARD = gnu99;
				GCC_NO_COMMON_BLOCKS = YES;
				GCC_WARN_64_TO_32_BIT_CONVERSION = YES;
				GCC_WARN_ABOUT_RETURN_TYPE = YES_ERROR;
				GCC_WARN_UNDECLARED_SELECTOR = YES;
				GCC_WARN_UNINITIALIZED_AUTOS = YES_AGGRESSIVE;
				GCC_WARN_UNUSED_FUNCTION = YES;
				GCC_WARN_UNUSED_VARIABLE = YES;
				IPHONEOS_DEPLOYMENT_TARGET = 9.2;
				MTL_ENABLE_DEBUG_INFO = NO;
				SDKROOT = iphoneos;
				VALIDATE_PRODUCT = YES;
			};
			name = Release;
		};
		C59578531CA0C96800AC43C6 /* Debug */ = {
			isa = XCBuildConfiguration;
			buildSettings = {
				ASSETCATALOG_COMPILER_APPICON_NAME = AppIcon;
				INFOPLIST_FILE = Switches/Info.plist;
				LD_RUNPATH_SEARCH_PATHS = "$(inherited) @executable_path/Frameworks";
				PRODUCT_BUNDLE_IDENTIFIER = com.d2burke.Switches;
				PRODUCT_NAME = "$(TARGET_NAME)";
			};
			name = Debug;
		};
		C59578541CA0C96800AC43C6 /* Release */ = {
			isa = XCBuildConfiguration;
			buildSettings = {
				ASSETCATALOG_COMPILER_APPICON_NAME = AppIcon;
				INFOPLIST_FILE = Switches/Info.plist;
				LD_RUNPATH_SEARCH_PATHS = "$(inherited) @executable_path/Frameworks";
				PRODUCT_BUNDLE_IDENTIFIER = com.d2burke.Switches;
				PRODUCT_NAME = "$(TARGET_NAME)";
			};
			name = Release;
		};
/* End XCBuildConfiguration section */

/* Begin XCConfigurationList section */
		C595783B1CA0C96800AC43C6 /* Build configuration list for PBXProject "Switches" */ = {
			isa = XCConfigurationList;
			buildConfigurations = (
				C59578501CA0C96800AC43C6 /* Debug */,
				C59578511CA0C96800AC43C6 /* Release */,
			);
			defaultConfigurationIsVisible = 0;
			defaultConfigurationName = Release;
		};
		C59578521CA0C96800AC43C6 /* Build configuration list for PBXNativeTarget "Switches" */ = {
			isa = XCConfigurationList;
			buildConfigurations = (
				C59578531CA0C96800AC43C6 /* Debug */,
				C59578541CA0C96800AC43C6 /* Release */,
			);
			defaultConfigurationIsVisible = 0;
			defaultConfigurationName = Release;
		};
/* End XCConfigurationList section */
	};
	rootObject = C59578381CA0C96800AC43C6 /* Project object */;
}
